<?xml version="1.0" encoding="utf-8"?>
<Project ToolsVersion="4.0" xmlns="http://schemas.microsoft.com/developer/msbuild/2003">
  <ItemGroup>
    <ClInclude Include="$(MSBuildThisFileDirectory)Pch.hpp" />
    <ClInclude Include="$(MSBuildThisFileDirectory)Graphics\Models\Model.hpp" />
    <ClInclude Include="$(MSBuildThisFileDirectory)Data\Formats\Json\Json.hpp" />
    <ClInclude Include="$(MSBuildThisFileDirectory)Animation\Animation.hpp" />
    <ClInclude Include="$(MSBuildThisFileDirectory)Animation\Sequence.hpp" />
    <ClInclude Include="$(MSBuildThisFileDirectory)Animation\Timeline.hpp" />
    <ClInclude Include="$(MSBuildThisFileDirectory)Animation\TimelineEvents.hpp" />
    <ClInclude Include="$(MSBuildThisFileDirectory)Common\Helpers.hpp" />
    <ClInclude Include="$(MSBuildThisFileDirectory)Data\ISerializable.hpp" />
    <ClInclude Include="$(MSBuildThisFileDirectory)Common\EventQueue.hpp" />
    <ClInclude Include="$(MSBuildThisFileDirectory)Common\Event.hpp" />
    <ClInclude Include="$(MSBuildThisFileDirectory)Common\Time.hpp" />
    <ClInclude Include="$(MSBuildThisFileDirectory)Common\CallbackId.hpp" />
    <ClInclude Include="$(MSBuildThisFileDirectory)Common\CallbackCollection.hpp" />
    <ClInclude Include="$(MSBuildThisFileDirectory)Common\SimpleMath.hpp" />
    <ClInclude Include="$(MSBuildThisFileDirectory)Graphics\Models\Material.hpp" />
    <ClInclude Include="$(MSBuildThisFileDirectory)Graphics\Textures\Formats\DDS.hpp" />
    <ClInclude Include="$(MSBuildThisFileDirectory)Graphics\Textures\Formats\DDSTextureLoader.hpp" />
    <ClInclude Include="$(MSBuildThisFileDirectory)Graphics\Textures\Formats\WICTextureLoader.hpp" />
    <ClInclude Include="$(MSBuildThisFileDirectory)Graphics\Textures\Texture.hpp" />
    <ClInclude Include="$(MSBuildThisFileDirectory)Graphics\Textures\Texture2D.hpp" />
    <ClInclude Include="$(MSBuildThisFileDirectory)Common\PlatformHelpers.hpp" />
    <ClInclude Include="$(MSBuildThisFileDirectory)Common\ContentCache.hpp" />
    <ClInclude Include="$(MSBuildThisFileDirectory)Graphics\Textures\Formats\StbImage.hpp" />
    <ClInclude Include="$(MSBuildThisFileDirectory)Graphics\ConstantBuffer.hpp" />
    <ClInclude Include="$(MSBuildThisFileDirectory)Graphics\Models\Formats\IQM\iqm.hpp" />
    <ClInclude Include="$(MSBuildThisFileDirectory)Graphics\Models\Formats\IQM\IqmLoader.hpp" />
    <ClInclude Include="$(MSBuildThisFileDirectory)Graphics\Models\Formats\IQM\util.hpp" />
    <ClInclude Include="$(MSBuildThisFileDirectory)Graphics\Models\Mesh.hpp" />
    <ClInclude Include="$(MSBuildThisFileDirectory)Graphics\Text\TextRenderer.hpp" />
    <ClInclude Include="$(MSBuildThisFileDirectory)Common\StepTimer.hpp" />
    <ClInclude Include="$(MSBuildThisFileDirectory)Common\DeviceResources.hpp" />
    <ClInclude Include="$(MSBuildThisFileDirectory)App\DirectXGameMain.hpp" />
    <ClInclude Include="$(MSBuildThisFileDirectory)App\App.hpp" />
    <ClInclude Include="$(MSBuildThisFileDirectory)Graphics\Lighting.hpp" />
    <ClInclude Include="$(MSBuildThisFileDirectory)Common\AlignedStorage.hpp" />
    <ClInclude Include="$(MSBuildThisFileDirectory)Graphics\Scene\Camera.hpp" />
    <ClInclude Include="$(MSBuildThisFileDirectory)Graphics\Scene\ChaseCamera.hpp" />
    <ClInclude Include="$(MSBuildThisFileDirectory)Graphics\ShaderStructures.hpp" />
    <ClInclude Include="$(MSBuildThisFileDirectory)Graphics\Models\Skinning.hpp" />
    <ClInclude Include="$(MSBuildThisFileDirectory)Graphics\Text\FpsRenderer.hpp" />
    <ClInclude Include="$(MSBuildThisFileDirectory)Game\TestScene.hpp" />
    <ClInclude Include="$(MSBuildThisFileDirectory)Graphics\Renderer.hpp" />
    <ClInclude Include="$(MSBuildThisFileDirectory)Net\Debug\Console.hpp" />
    <ClInclude Include="$(MSBuildThisFileDirectory)Net\Debug\TelnetConsole.hpp" />
  </ItemGroup>
  <ItemGroup>
    <ClCompile Include="$(MSBuildThisFileDirectory)pch.cpp" />
    <ClCompile Include="$(MSBuildThisFileDirectory)Data\Formats\Json\Json.cpp" />
    <ClCompile Include="$(MSBuildThisFileDirectory)Animation\Sequence.cpp" />
    <ClCompile Include="$(MSBuildThisFileDirectory)Animation\Timeline.cpp" />
    <ClCompile Include="$(MSBuildThisFileDirectory)Graphics\Models\Formats\IQM\IqmLoader.cpp" />
    <ClCompile Include="$(MSBuildThisFileDirectory)Common\SimpleMath.cpp" />
    <ClCompile Include="$(MSBuildThisFileDirectory)Graphics\Models\Model.cpp" />
    <ClCompile Include="$(MSBuildThisFileDirectory)Graphics\Textures\Formats\DDSTextureLoader.cpp" />
    <ClCompile Include="$(MSBuildThisFileDirectory)Graphics\Textures\Formats\WICTextureLoader.cpp" />
    <ClCompile Include="$(MSBuildThisFileDirectory)Graphics\Textures\Texture2D.cpp" />
    <ClCompile Include="$(MSBuildThisFileDirectory)Graphics\Text\TextRenderer.cpp" />
    <ClCompile Include="$(MSBuildThisFileDirectory)Common\DeviceResources.cpp" />
    <ClCompile Include="$(MSBuildThisFileDirectory)App\app.cpp" />
    <ClCompile Include="$(MSBuildThisFileDirectory)App\DirectXGameMain.cpp" />
    <ClCompile Include="$(MSBuildThisFileDirectory)Graphics\ShaderStructures.cpp" />
    <ClCompile Include="$(MSBuildThisFileDirectory)Graphics\Models\Skinning.cpp" />
    <ClCompile Include="$(MSBuildThisFileDirectory)Graphics\Text\FpsRenderer.cpp" />
    <ClCompile Include="$(MSBuildThisFileDirectory)Game\TestScene.cpp" />
  </ItemGroup>
  <ItemGroup>
    <FxCompile Include="$(MSBuildThisFileDirectory)Graphics\Shaders\LitSkinned.ps.hlsl" />
    <FxCompile Include="$(MSBuildThisFileDirectory)Graphics\Shaders\LitSkinned.vs.hlsl" />
  </ItemGroup>
  <ItemGroup>
    <None Include="$(MSBuildThisFileDirectory)Common\SimpleMath.inl" />
    <None Include="$(MSBuildThisFileDirectory)Content\sword.iqm" />
    <None Include="$(MSBuildThisFileDirectory)Graphics\Shaders\Lighting.hlsli" />
  </ItemGroup>
  <ItemGroup>
    <None Include="$(MSBuildThisFileDirectory)Content\ship.iqm" />
    <None Include="$(MSBuildThisFileDirectory)Content\test.iqm" />
  </ItemGroup>
  <ItemGroup>
    <Image Include="$(MSBuildThisFileDirectory)Content\sword.png" />
    <Image Include="$(MSBuildThisFileDirectory)Content\Body.dds" />
    <Image Include="$(MSBuildThisFileDirectory)Content\Head.dds" />
  </ItemGroup>
</Project>